
Microsoft Visual Studio Solution File, Format Version 12.00
# Visual Studio Version 17
VisualStudioVersion = 17.10.34707.107
MinimumVisualStudioVersion = 10.0.40219.1
Project("{9A19103F-16F7-4668-BE54-9A1E7A4F7556}") = "VsSessionServer", "VsSessionServer.csproj", "{4770E0A0-A510-4B85-BC38-D6F326EC257E}"
EndProject
Global
	GlobalSection(SolutionConfigurationPlatforms) = preSolution
		Debug|Any CPU = Debug|Any CPU
		Release|Any CPU = Release|Any CPU
	EndGlobalSection
	GlobalSection(ProjectConfigurationPlatforms) = postSolution
		{4770E0A0-A510-4B85-BC38-D6F326EC257E}.Debug|Any CPU.ActiveCfg = Debug|Any CPU
		{4770E0A0-A510-4B85-BC38-D6F326EC257E}.Debug|Any CPU.Build.0 = Debug|Any CPU
		{4770E0A0-A510-4B85-BC38-D6F326EC257E}.Release|Any CPU.ActiveCfg = Release|Any CPU
		{4770E0A0-A510-4B85-BC38-D6F326EC257E}.Release|Any CPU.Build.0 = Release|Any CPU
	EndGlobalSection
	GlobalSection(SolutionProperties) = preSolution
		HideSolutionNode = FALSE
	EndGlobalSection
	GlobalSection(ExtensibilityGlobals) = postSolution
		SolutionGuid = {704AD4EA-B195-40AB-A44B-54F9AB607036}
	EndGlobalSection
EndGlobal
